// !$*UTF8*$!
{
	archiveVersion = 1;
	classes = {
	};
	objectVersion = 56;
	objects = {

/* Begin PBXBuildFile section */
		502C9B562BB0295000F8BC3A /* AppDelegate.swift in Sources */ = {isa = PBXBuildFile; fileRef = 502C9B552BB0295000F8BC3A /* AppDelegate.swift */; };
		502C9B582BB0295000F8BC3A /* SceneDelegate.swift in Sources */ = {isa = PBXBuildFile; fileRef = 502C9B572BB0295000F8BC3A /* SceneDelegate.swift */; };
		502C9B5A2BB0295000F8BC3A /* ViewController.swift in Sources */ = {isa = PBXBuildFile; fileRef = 502C9B592BB0295000F8BC3A /* ViewController.swift */; };
		502C9B5D2BB0295000F8BC3A /* Base in Resources */ = {isa = PBXBuildFile; fileRef = 502C9B5C2BB0295000F8BC3A /* Base */; };
		502C9B5F2BB0295000F8BC3A /* Assets.xcassets in Resources */ = {isa = PBXBuildFile; fileRef = 502C9B5E2BB0295000F8BC3A /* Assets.xcassets */; };
		502C9B622BB0295000F8BC3A /* Base in Resources */ = {isa = PBXBuildFile; fileRef = 502C9B612BB0295000F8BC3A /* Base */; };
		502C9B6D2BB0295100F8BC3A /* study_iosTests.swift in Sources */ = {isa = PBXBuildFile; fileRef = 502C9B6C2BB0295100F8BC3A /* study_iosTests.swift */; };
		502C9B772BB0295100F8BC3A /* study_iosUITests.swift in Sources */ = {isa = PBXBuildFile; fileRef = 502C9B762BB0295100F8BC3A /* study_iosUITests.swift */; };
		502C9B792BB0295100F8BC3A /* study_iosUITestsLaunchTests.swift in Sources */ = {isa = PBXBuildFile; fileRef = 502C9B782BB0295100F8BC3A /* study_iosUITestsLaunchTests.swift */; };
/* End PBXBuildFile section */

/* Begin PBXContainerItemProxy section */
		502C9B692BB0295100F8BC3A /* PBXContainerItemProxy */ = {
			isa = PBXContainerItemProxy;
			containerPortal = 502C9B4A2BB0295000F8BC3A /* Project object */;
			proxyType = 1;
			remoteGlobalIDString = 502C9B512BB0295000F8BC3A;
			remoteInfo = "study-ios";
		};
		502C9B732BB0295100F8BC3A /* PBXContainerItemProxy */ = {
			isa = PBXContainerItemProxy;
			containerPortal = 502C9B4A2BB0295000F8BC3A /* Project object */;
			proxyType = 1;
			remoteGlobalIDString = 502C9B512BB0295000F8BC3A;
			remoteInfo = "study-ios";
		};
/* End PBXContainerItemProxy section */

/* Begin PBXFileReference section */
		502C9B522BB0295000F8BC3A /* study-ios.app */ = {isa = PBXFileReference; explicitFileType = wrapper.application; includeInIndex = 0; path = "study-ios.app"; sourceTree = BUILT_PRODUCTS_DIR; };
		502C9B552BB0295000F8BC3A /* AppDelegate.swift */ = {isa = PBXFileReference; lastKnownFileType = sourcecode.swift; path = AppDelegate.swift; sourceTree = "<group>"; };
		502C9B572BB0295000F8BC3A /* SceneDelegate.swift */ = {isa = PBXFileReference; lastKnownFileType = sourcecode.swift; path = SceneDelegate.swift; sourceTree = "<group>"; };
		502C9B592BB0295000F8BC3A /* ViewController.swift */ = {isa = PBXFileReference; lastKnownFileType = sourcecode.swift; path = ViewController.swift; sourceTree = "<group>"; };
		502C9B5C2BB0295000F8BC3A /* Base */ = {isa = PBXFileReference; lastKnownFileType = file.storyboard; name = Base; path = Base.lproj/Main.storyboard; sourceTree = "<group>"; };
		502C9B5E2BB0295000F8BC3A /* Assets.xcassets */ = {isa = PBXFileReference; lastKnownFileType = folder.assetcatalog; path = Assets.xcassets; sourceTree = "<group>"; };
		502C9B612BB0295000F8BC3A /* Base */ = {isa = PBXFileReference; lastKnownFileType = file.storyboard; name = Base; path = Base.lproj/LaunchScreen.storyboard; sourceTree = "<group>"; };
		502C9B632BB0295000F8BC3A /* Info.plist */ = {isa = PBXFileReference; lastKnownFileType = text.plist.xml; path = Info.plist; sourceTree = "<group>"; };
		502C9B682BB0295100F8BC3A /* study-iosTests.xctest */ = {isa = PBXFileReference; explicitFileType = wrapper.cfbundle; includeInIndex = 0; path = "study-iosTests.xctest"; sourceTree = BUILT_PRODUCTS_DIR; };
		502C9B6C2BB0295100F8BC3A /* study_iosTests.swift */ = {isa = PBXFileReference; lastKnownFileType = sourcecode.swift; path = study_iosTests.swift; sourceTree = "<group>"; };
		502C9B722BB0295100F8BC3A /* study-iosUITests.xctest */ = {isa = PBXFileReference; explicitFileType = wrapper.cfbundle; includeInIndex = 0; path = "study-iosUITests.xctest"; sourceTree = BUILT_PRODUCTS_DIR; };
		502C9B762BB0295100F8BC3A /* study_iosUITests.swift */ = {isa = PBXFileReference; lastKnownFileType = sourcecode.swift; path = study_iosUITests.swift; sourceTree = "<group>"; };
		502C9B782BB0295100F8BC3A /* study_iosUITestsLaunchTests.swift */ = {isa = PBXFileReference; lastKnownFileType = sourcecode.swift; path = study_iosUITestsLaunchTests.swift; sourceTree = "<group>"; };
/* End PBXFileReference section */

/* Begin PBXFrameworksBuildPhase section */
		502C9B4F2BB0295000F8BC3A /* Frameworks */ = {
			isa = PBXFrameworksBuildPhase;
			buildActionMask = 2147483647;
			files = (
			);
			runOnlyForDeploymentPostprocessing = 0;
		};
		502C9B652BB0295100F8BC3A /* Frameworks */ = {
			isa = PBXFrameworksBuildPhase;
			buildActionMask = 2147483647;
			files = (
			);
			runOnlyForDeploymentPostprocessing = 0;
		};
		502C9B6F2BB0295100F8BC3A /* Frameworks */ = {
			isa = PBXFrameworksBuildPhase;
			buildActionMask = 2147483647;
			files = (
			);
			runOnlyForDeploymentPostprocessing = 0;
		};
/* End PBXFrameworksBuildPhase section */

/* Begin PBXGroup section */
		502C9B492BB0295000F8BC3A = {
			isa = PBXGroup;
			children = (
				502C9B542BB0295000F8BC3A /* study-ios */,
				502C9B6B2BB0295100F8BC3A /* study-iosTests */,
				502C9B752BB0295100F8BC3A /* study-iosUITests */,
				502C9B532BB0295000F8BC3A /* Products */,
			);
			sourceTree = "<group>";
		};
		502C9B532BB0295000F8BC3A /* Products */ = {
			isa = PBXGroup;
			children = (
				502C9B522BB0295000F8BC3A /* study-ios.app */,
				502C9B682BB0295100F8BC3A /* study-iosTests.xctest */,
				502C9B722BB0295100F8BC3A /* study-iosUITests.xctest */,
			);
			name = Products;
			sourceTree = "<group>";
		};
		502C9B542BB0295000F8BC3A /* study-ios */ = {
			isa = PBXGroup;
			children = (
				502C9B552BB0295000F8BC3A /* AppDelegate.swift */,
				502C9B572BB0295000F8BC3A /* SceneDelegate.swift */,
				502C9B592BB0295000F8BC3A /* ViewController.swift */,
				502C9B5B2BB0295000F8BC3A /* Main.storyboard */,
				502C9B5E2BB0295000F8BC3A /* Assets.xcassets */,
				502C9B602BB0295000F8BC3A /* LaunchScreen.storyboard */,
				502C9B632BB0295000F8BC3A /* Info.plist */,
			);
			path = "study-ios";
			sourceTree = "<group>";
		};
		502C9B6B2BB0295100F8BC3A /* study-iosTests */ = {
			isa = PBXGroup;
			children = (
				502C9B6C2BB0295100F8BC3A /* study_iosTests.swift */,
			);
			path = "study-iosTests";
			sourceTree = "<group>";
		};
		502C9B752BB0295100F8BC3A /* study-iosUITests */ = {
			isa = PBXGroup;
			children = (
				502C9B762BB0295100F8BC3A /* study_iosUITests.swift */,
				502C9B782BB0295100F8BC3A /* study_iosUITestsLaunchTests.swift */,
			);
			path = "study-iosUITests";
			sourceTree = "<group>";
		};
/* End PBXGroup section */

/* Begin PBXNativeTarget section */
		502C9B512BB0295000F8BC3A /* study-ios */ = {
			isa = PBXNativeTarget;
			buildConfigurationList = 502C9B7C2BB0295100F8BC3A /* Build configuration list for PBXNativeTarget "study-ios" */;
			buildPhases = (
				502C9B4E2BB0295000F8BC3A /* Sources */,
				502C9B4F2BB0295000F8BC3A /* Frameworks */,
				502C9B502BB0295000F8BC3A /* Resources */,
			);
			buildRules = (
			);
			dependencies = (
			);
			name = "study-ios";
			productName = "study-ios";
			productReference = 502C9B522BB0295000F8BC3A /* study-ios.app */;
			productType = "com.apple.product-type.application";
		};
		502C9B672BB0295100F8BC3A /* study-iosTests */ = {
			isa = PBXNativeTarget;
			buildConfigurationList = 502C9B7F2BB0295100F8BC3A /* Build configuration list for PBXNativeTarget "study-iosTests" */;
			buildPhases = (
				502C9B642BB0295100F8BC3A /* Sources */,
				502C9B652BB0295100F8BC3A /* Frameworks */,
				502C9B662BB0295100F8BC3A /* Resources */,
			);
			buildRules = (
			);
			dependencies = (
				502C9B6A2BB0295100F8BC3A /* PBXTargetDependency */,
			);
			name = "study-iosTests";
			productName = "study-iosTests";
			productReference = 502C9B682BB0295100F8BC3A /* study-iosTests.xctest */;
			productType = "com.apple.product-type.bundle.unit-test";
		};
		502C9B712BB0295100F8BC3A /* study-iosUITests */ = {
			isa = PBXNativeTarget;
			buildConfigurationList = 502C9B822BB0295100F8BC3A /* Build configuration list for PBXNativeTarget "study-iosUITests" */;
			buildPhases = (
				502C9B6E2BB0295100F8BC3A /* Sources */,
				502C9B6F2BB0295100F8BC3A /* Frameworks */,
				502C9B702BB0295100F8BC3A /* Resources */,
			);
			buildRules = (
			);
			dependencies = (
				502C9B742BB0295100F8BC3A /* PBXTargetDependency */,
			);
			name = "study-iosUITests";
			productName = "study-iosUITests";
			productReference = 502C9B722BB0295100F8BC3A /* study-iosUITests.xctest */;
			productType = "com.apple.product-type.bundle.ui-testing";
		};
/* End PBXNativeTarget section */

/* Begin PBXProject section */
		502C9B4A2BB0295000F8BC3A /* Project object */ = {
			isa = PBXProject;
			attributes = {
				BuildIndependentTargetsInParallel = 1;
				LastSwiftUpdateCheck = 1530;
				LastUpgradeCheck = 1530;
				TargetAttributes = {
					502C9B512BB0295000F8BC3A = {
						CreatedOnToolsVersion = 15.3;
					};
					502C9B672BB0295100F8BC3A = {
						CreatedOnToolsVersion = 15.3;
						TestTargetID = 502C9B512BB0295000F8BC3A;
					};
					502C9B712BB0295100F8BC3A = {
						CreatedOnToolsVersion = 15.3;
						TestTargetID = 502C9B512BB0295000F8BC3A;
					};
				};
			};
			buildConfigurationList = 502C9B4D2BB0295000F8BC3A /* Build configuration list for PBXProject "study-ios" */;
			compatibilityVersion = "Xcode 14.0";
			developmentRegion = en;
			hasScannedForEncodings = 0;
			knownRegions = (
				en,
				Base,
			);
			mainGroup = 502C9B492BB0295000F8BC3A;
			productRefGroup = 502C9B532BB0295000F8BC3A /* Products */;
			projectDirPath = "";
			projectRoot = "";
			targets = (
				502C9B512BB0295000F8BC3A /* study-ios */,
				502C9B672BB0295100F8BC3A /* study-iosTests */,
				502C9B712BB0295100F8BC3A /* study-iosUITests */,
			);
		};
/* End PBXProject section */

/* Begin PBXResourcesBuildPhase section */
		502C9B502BB0295000F8BC3A /* Resources */ = {
			isa = PBXResourcesBuildPhase;
			buildActionMask = 2147483647;
			files = (
				502C9B5F2BB0295000F8BC3A /* Assets.xcassets in Resources */,
				502C9B622BB0295000F8BC3A /* Base in Resources */,
				502C9B5D2BB0295000F8BC3A /* Base in Resources */,
			);
			runOnlyForDeploymentPostprocessing = 0;
		};
		502C9B662BB0295100F8BC3A /* Resources */ = {
			isa = PBXResourcesBuildPhase;
			buildActionMask = 2147483647;
			files = (
			);
			runOnlyForDeploymentPostprocessing = 0;
		};
		502C9B702BB0295100F8BC3A /* Resources */ = {
			isa = PBXResourcesBuildPhase;
			buildActionMask = 2147483647;
			files = (
			);
			runOnlyForDeploymentPostprocessing = 0;
		};
/* End PBXResourcesBuildPhase section */

/* Begin PBXSourcesBuildPhase section */
		502C9B4E2BB0295000F8BC3A /* Sources */ = {
			isa = PBXSourcesBuildPhase;
			buildActionMask = 2147483647;
			files = (
				502C9B5A2BB0295000F8BC3A /* ViewController.swift in Sources */,
				502C9B562BB0295000F8BC3A /* AppDelegate.swift in Sources */,
				502C9B582BB0295000F8BC3A /* SceneDelegate.swift in Sources */,
			);
			runOnlyForDeploymentPostprocessing = 0;
		};
		502C9B642BB0295100F8BC3A /* Sources */ = {
			isa = PBXSourcesBuildPhase;
			buildActionMask = 2147483647;
			files = (
				502C9B6D2BB0295100F8BC3A /* study_iosTests.swift in Sources */,
			);
			runOnlyForDeploymentPostprocessing = 0;
		};
		502C9B6E2BB0295100F8BC3A /* Sources */ = {
			isa = PBXSourcesBuildPhase;
			buildActionMask = 2147483647;
			files = (
				502C9B792BB0295100F8BC3A /* study_iosUITestsLaunchTests.swift in Sources */,
				502C9B772BB0295100F8BC3A /* study_iosUITests.swift in Sources */,
			);
			runOnlyForDeploymentPostprocessing = 0;
		};
/* End PBXSourcesBuildPhase section */

/* Begin PBXTargetDependency section */
		502C9B6A2BB0295100F8BC3A /* PBXTargetDependency */ = {
			isa = PBXTargetDependency;
			target = 502C9B512BB0295000F8BC3A /* study-ios */;
			targetProxy = 502C9B692BB0295100F8BC3A /* PBXContainerItemProxy */;
		};
		502C9B742BB0295100F8BC3A /* PBXTargetDependency */ = {
			isa = PBXTargetDependency;
			target = 502C9B512BB0295000F8BC3A /* study-ios */;
			targetProxy = 502C9B732BB0295100F8BC3A /* PBXContainerItemProxy */;
		};
/* End PBXTargetDependency section */

/* Begin PBXVariantGroup section */
		502C9B5B2BB0295000F8BC3A /* Main.storyboard */ = {
			isa = PBXVariantGroup;
			children = (
				502C9B5C2BB0295000F8BC3A /* Base */,
			);
			name = Main.storyboard;
			sourceTree = "<group>";
		};
		502C9B602BB0295000F8BC3A /* LaunchScreen.storyboard */ = {
			isa = PBXVariantGroup;
			children = (
				502C9B612BB0295000F8BC3A /* Base */,
			);
			name = LaunchScreen.storyboard;
			sourceTree = "<group>";
		};
/* End PBXVariantGroup section */

/* Begin XCBuildConfiguration section */
		502C9B7A2BB0295100F8BC3A /* Debug */ = {
			isa = XCBuildConfiguration;
			buildSettings = {
				ALWAYS_SEARCH_USER_PATHS = NO;
				ASSETCATALOG_COMPILER_GENERATE_SWIFT_ASSET_SYMBOL_EXTENSIONS = YES;
				CLANG_ANALYZER_NONNULL = YES;
				CLANG_ANALYZER_NUMBER_OBJECT_CONVERSION = YES_AGGRESSIVE;
				CLANG_CXX_LANGUAGE_STANDARD = "gnu++20";
				CLANG_ENABLE_MODULES = YES;
				CLANG_ENABLE_OBJC_ARC = YES;
				CLANG_ENABLE_OBJC_WEAK = YES;
				CLANG_WARN_BLOCK_CAPTURE_AUTORELEASING = YES;
				CLANG_WARN_BOOL_CONVERSION = YES;
				CLANG_WARN_COMMA = YES;
				CLANG_WARN_CONSTANT_CONVERSION = YES;
				CLANG_WARN_DEPRECATED_OBJC_IMPLEMENTATIONS = YES;
				CLANG_WARN_DIRECT_OBJC_ISA_USAGE = YES_ERROR;
				CLANG_WARN_DOCUMENTATION_COMMENTS = YES;
				CLANG_WARN_EMPTY_BODY = YES;
				CLANG_WARN_ENUM_CONVERSION = YES;
				CLANG_WARN_INFINITE_RECURSION = YES;
				CLANG_WARN_INT_CONVERSION = YES;
				CLANG_WARN_NON_LITERAL_NULL_CONVERSION = YES;
				CLANG_WARN_OBJC_IMPLICIT_RETAIN_SELF = YES;
				CLANG_WARN_OBJC_LITERAL_CONVERSION = YES;
				CLANG_WARN_OBJC_ROOT_CLASS = YES_ERROR;
				CLANG_WARN_QUOTED_INCLUDE_IN_FRAMEWORK_HEADER = YES;
				CLANG_WARN_RANGE_LOOP_ANALYSIS = YES;
				CLANG_WARN_STRICT_PROTOTYPES = YES;
				CLANG_WARN_SUSPICIOUS_MOVE = YES;
				CLANG_WARN_UNGUARDED_AVAILABILITY = YES_AGGRESSIVE;
				CLANG_WARN_UNREACHABLE_CODE = YES;
				CLANG_WARN__DUPLICATE_METHOD_MATCH = YES;
				COPY_PHASE_STRIP = NO;
				DEBUG_INFORMATION_FORMAT = dwarf;
				ENABLE_STRICT_OBJC_MSGSEND = YES;
				ENABLE_TESTABILITY = YES;
				ENABLE_USER_SCRIPT_SANDBOXING = YES;
				GCC_C_LANGUAGE_STANDARD = gnu17;
				GCC_DYNAMIC_NO_PIC = NO;
				GCC_NO_COMMON_BLOCKS = YES;
				GCC_OPTIMIZATION_LEVEL = 0;
				GCC_PREPROCESSOR_DEFINITIONS = (
					"DEBUG=1",
					"$(inherited)",
				);
				GCC_WARN_64_TO_32_BIT_CONVERSION = YES;
				GCC_WARN_ABOUT_RETURN_TYPE = YES_ERROR;
				GCC_WARN_UNDECLARED_SELECTOR = YES;
				GCC_WARN_UNINITIALIZED_AUTOS = YES_AGGRESSIVE;
				GCC_WARN_UNUSED_FUNCTION = YES;
				GCC_WARN_UNUSED_VARIABLE = YES;
				IPHONEOS_DEPLOYMENT_TARGET = 17.4;
				LOCALIZATION_PREFERS_STRING_CATALOGS = YES;
				MTL_ENABLE_DEBUG_INFO = INCLUDE_SOURCE;
				MTL_FAST_MATH = YES;
				ONLY_ACTIVE_ARCH = YES;
				SDKROOT = iphoneos;
				SWIFT_ACTIVE_COMPILATION_CONDITIONS = "DEBUG $(inherited)";
				SWIFT_OPTIMIZATION_LEVEL = "-Onone";
			};
			name = Debug;
		};
		502C9B7B2BB0295100F8BC3A /* Release */ = {
			isa = XCBuildConfiguration;
			buildSettings = {
				ALWAYS_SEARCH_USER_PATHS = NO;
				ASSETCATALOG_COMPILER_GENERATE_SWIFT_ASSET_SYMBOL_EXTENSIONS = YES;
				CLANG_ANALYZER_NONNULL = YES;
				CLANG_ANALYZER_NUMBER_OBJECT_CONVERSION = YES_AGGRESSIVE;
				CLANG_CXX_LANGUAGE_STANDARD = "gnu++20";
				CLANG_ENABLE_MODULES = YES;
				CLANG_ENABLE_OBJC_ARC = YES;
				CLANG_ENABLE_OBJC_WEAK = YES;
				CLANG_WARN_BLOCK_CAPTURE_AUTORELEASING = YES;
				CLANG_WARN_BOOL_CONVERSION = YES;
				CLANG_WARN_COMMA = YES;
				CLANG_WARN_CONSTANT_CONVERSION = YES;
				CLANG_WARN_DEPRECATED_OBJC_IMPLEMENTATIONS = YES;
				CLANG_WARN_DIRECT_OBJC_ISA_USAGE = YES_ERROR;
				CLANG_WARN_DOCUMENTATION_COMMENTS = YES;
				CLANG_WARN_EMPTY_BODY = YES;
				CLANG_WARN_ENUM_CONVERSION = YES;
				CLANG_WARN_INFINITE_RECURSION = YES;
				CLANG_WARN_INT_CONVERSION = YES;
				CLANG_WARN_NON_LITERAL_NULL_CONVERSION = YES;
				CLANG_WARN_OBJC_IMPLICIT_RETAIN_SELF = YES;
				CLANG_WARN_OBJC_LITERAL_CONVERSION = YES;
				CLANG_WARN_OBJC_ROOT_CLASS = YES_ERROR;
				CLANG_WARN_QUOTED_INCLUDE_IN_FRAMEWORK_HEADER = YES;
				CLANG_WARN_RANGE_LOOP_ANALYSIS = YES;
				CLANG_WARN_STRICT_PROTOTYPES = YES;
				CLANG_WARN_SUSPICIOUS_MOVE = YES;
				CLANG_WARN_UNGUARDED_AVAILABILITY = YES_AGGRESSIVE;
				CLANG_WARN_UNREACHABLE_CODE = YES;
				CLANG_WARN__DUPLICATE_METHOD_MATCH = YES;
				COPY_PHASE_STRIP = NO;
				DEBUG_INFORMATION_FORMAT = "dwarf-with-dsym";
				ENABLE_NS_ASSERTIONS = NO;
				ENABLE_STRICT_OBJC_MSGSEND = YES;
				ENABLE_USER_SCRIPT_SANDBOXING = YES;
				GCC_C_LANGUAGE_STANDARD = gnu17;
				GCC_NO_COMMON_BLOCKS = YES;
				GCC_WARN_64_TO_32_BIT_CONVERSION = YES;
				GCC_WARN_ABOUT_RETURN_TYPE = YES_ERROR;
				GCC_WARN_UNDECLARED_SELECTOR = YES;
				GCC_WARN_UNINITIALIZED_AUTOS = YES_AGGRESSIVE;
				GCC_WARN_UNUSED_FUNCTION = YES;
				GCC_WARN_UNUSED_VARIABLE = YES;
				IPHONEOS_DEPLOYMENT_TARGET = 17.4;
				LOCALIZATION_PREFERS_STRING_CATALOGS = YES;
				MTL_ENABLE_DEBUG_INFO = NO;
				MTL_FAST_MATH = YES;
				SDKROOT = iphoneos;
				SWIFT_COMPILATION_MODE = wholemodule;
				VALIDATE_PRODUCT = YES;
			};
			name = Release;
		};
		502C9B7D2BB0295100F8BC3A /* Debug */ = {
			isa = XCBuildConfiguration;
			buildSettings = {
				ASSETCATALOG_COMPILER_APPICON_NAME = AppIcon;
				ASSETCATALOG_COMPILER_GLOBAL_ACCENT_COLOR_NAME = AccentColor;
				CODE_SIGN_STYLE = Automatic;
				CURRENT_PROJECT_VERSION = 1;
				GENERATE_INFOPLIST_FILE = YES;
				INFOPLIST_FILE = "study-ios/Info.plist";
				INFOPLIST_KEY_UIApplicationSupportsIndirectInputEvents = YES;
				INFOPLIST_KEY_UILaunchStoryboardName = LaunchScreen;
				INFOPLIST_KEY_UIMainStoryboardFile = Main;
				INFOPLIST_KEY_UISupportedInterfaceOrientations_iPad = "UIInterfaceOrientationPortrait UIInterfaceOrientationPortraitUpsideDown UIInterfaceOrientationLandscapeLeft UIInterfaceOrientationLandscapeRight";
				INFOPLIST_KEY_UISupportedInterfaceOrientations_iPhone = "UIInterfaceOrientationPortrait UIInterfaceOrientationLandscapeLeft UIInterfaceOrientationLandscapeRight";
				LD_RUNPATH_SEARCH_PATHS = (
					"$(inherited)",
					"@executable_path/Frameworks",
				);
				MARKETING_VERSION = 1.0;
				PRODUCT_BUNDLE_IDENTIFIER = "wad.rov.linhtran.study-ios";
				PRODUCT_NAME = "$(TARGET_NAME)";
				SWIFT_EMIT_LOC_STRINGS = YES;
				SWIFT_VERSION = 5.0;
				TARGETED_DEVICE_FAMILY = "1,2";
			};
			name = Debug;
		};
		502C9B7E2BB0295100F8BC3A /* Release */ = {
			isa = XCBuildConfiguration;
			buildSettings = {
				ASSETCATALOG_COMPILER_APPICON_NAME = AppIcon;
				ASSETCATALOG_COMPILER_GLOBAL_ACCENT_COLOR_NAME = AccentColor;
				CODE_SIGN_STYLE = Automatic;
				CURRENT_PROJECT_VERSION = 1;
				GENERATE_INFOPLIST_FILE = YES;
				INFOPLIST_FILE = "study-ios/Info.plist";
				INFOPLIST_KEY_UIApplicationSupportsIndirectInputEvents = YES;
				INFOPLIST_KEY_UILaunchStoryboardName = LaunchScreen;
				INFOPLIST_KEY_UIMainStoryboardFile = Main;
				INFOPLIST_KEY_UISupportedInterfaceOrientations_iPad = "UIInterfaceOrientationPortrait UIInterfaceOrientationPortraitUpsideDown UIInterfaceOrientationLandscapeLeft UIInterfaceOrientationLandscapeRight";
				INFOPLIST_KEY_UISupportedInterfaceOrientations_iPhone = "UIInterfaceOrientationPortrait UIInterfaceOrientationLandscapeLeft UIInterfaceOrientationLandscapeRight";
				LD_RUNPATH_SEARCH_PATHS = (
					"$(inherited)",
					"@executable_path/Frameworks",
				);
				MARKETING_VERSION = 1.0;
				PRODUCT_BUNDLE_IDENTIFIER = "wad.rov.linhtran.study-ios";
				PRODUCT_NAME = "$(TARGET_NAME)";
				SWIFT_EMIT_LOC_STRINGS = YES;
				SWIFT_VERSION = 5.0;
				TARGETED_DEVICE_FAMILY = "1,2";
			};
			name = Release;
		};
		502C9B802BB0295100F8BC3A /* Debug */ = {
			isa = XCBuildConfiguration;
			buildSettings = {
				ALWAYS_EMBED_SWIFT_STANDARD_LIBRARIES = YES;
				BUNDLE_LOADER = "$(TEST_HOST)";
				CODE_SIGN_STYLE = Automatic;
				CURRENT_PROJECT_VERSION = 1;
				GENERATE_INFOPLIST_FILE = YES;
				IPHONEOS_DEPLOYMENT_TARGET = 17.4;
				MARKETING_VERSION = 1.0;
				PRODUCT_BUNDLE_IDENTIFIER = "wad.rov.linhtran.study-iosTests";
				PRODUCT_NAME = "$(TARGET_NAME)";
				SWIFT_EMIT_LOC_STRINGS = NO;
				SWIFT_VERSION = 5.0;
				TARGETED_DEVICE_FAMILY = "1,2";
				TEST_HOST = "$(BUILT_PRODUCTS_DIR)/study-ios.app/$(BUNDLE_EXECUTABLE_FOLDER_PATH)/study-ios";
			};
			name = Debug;
		};
		502C9B812BB0295100F8BC3A /* Release */ = {
			isa = XCBuildConfiguration;
			buildSettings = {
				ALWAYS_EMBED_SWIFT_STANDARD_LIBRARIES = YES;
				BUNDLE_LOADER = "$(TEST_HOST)";
				CODE_SIGN_STYLE = Automatic;
				CURRENT_PROJECT_VERSION = 1;
				GENERATE_INFOPLIST_FILE = YES;
				IPHONEOS_DEPLOYMENT_TARGET = 17.4;
				MARKETING_VERSION = 1.0;
				PRODUCT_BUNDLE_IDENTIFIER = "wad.rov.linhtran.study-iosTests";
				PRODUCT_NAME = "$(TARGET_NAME)";
				SWIFT_EMIT_LOC_STRINGS = NO;
				SWIFT_VERSION = 5.0;
				TARGETED_DEVICE_FAMILY = "1,2";
				TEST_HOST = "$(BUILT_PRODUCTS_DIR)/study-ios.app/$(BUNDLE_EXECUTABLE_FOLDER_PATH)/study-ios";
			};
			name = Release;
		};
		502C9B832BB0295100F8BC3A /* Debug */ = {
			isa = XCBuildConfiguration;
			buildSettings = {
				ALWAYS_EMBED_SWIFT_STANDARD_LIBRARIES = YES;
				CODE_SIGN_STYLE = Automatic;
				CURRENT_PROJECT_VERSION = 1;
				GENERATE_INFOPLIST_FILE = YES;
				MARKETING_VERSION = 1.0;
				PRODUCT_BUNDLE_IDENTIFIER = "wad.rov.linhtran.study-iosUITests";
				PRODUCT_NAME = "$(TARGET_NAME)";
				SWIFT_EMIT_LOC_STRINGS = NO;
				SWIFT_VERSION = 5.0;
				TARGETED_DEVICE_FAMILY = "1,2";
				TEST_TARGET_NAME = "study-ios";
			};
			name = Debug;
		};
		502C9B842BB0295100F8BC3A /* Release */ = {
			isa = XCBuildConfiguration;
			buildSettings = {
				ALWAYS_EMBED_SWIFT_STANDARD_LIBRARIES = YES;
				CODE_SIGN_STYLE = Automatic;
				CURRENT_PROJECT_VERSION = 1;
				GENERATE_INFOPLIST_FILE = YES;
				MARKETING_VERSION = 1.0;
				PRODUCT_BUNDLE_IDENTIFIER = "wad.rov.linhtran.study-iosUITests";
				PRODUCT_NAME = "$(TARGET_NAME)";
				SWIFT_EMIT_LOC_STRINGS = NO;
				SWIFT_VERSION = 5.0;
				TARGETED_DEVICE_FAMILY = "1,2";
				TEST_TARGET_NAME = "study-ios";
			};
			name = Release;
		};
/* End XCBuildConfiguration section */

/* Begin XCConfigurationList section */
		502C9B4D2BB0295000F8BC3A /* Build configuration list for PBXProject "study-ios" */ = {
			isa = XCConfigurationList;
			buildConfigurations = (
				502C9B7A2BB0295100F8BC3A /* Debug */,
				502C9B7B2BB0295100F8BC3A /* Release */,
			);
			defaultConfigurationIsVisible = 0;
			defaultConfigurationName = Release;
		};
		502C9B7C2BB0295100F8BC3A /* Build configuration list for PBXNativeTarget "study-ios" */ = {
			isa = XCConfigurationList;
			buildConfigurations = (
				502C9B7D2BB0295100F8BC3A /* Debug */,
				502C9B7E2BB0295100F8BC3A /* Release */,
			);
			defaultConfigurationIsVisible = 0;
			defaultConfigurationName = Release;
		};
		502C9B7F2BB0295100F8BC3A /* Build configuration list for PBXNativeTarget "study-iosTests" */ = {
			isa = XCConfigurationList;
			buildConfigurations = (
				502C9B802BB0295100F8BC3A /* Debug */,
				502C9B812BB0295100F8BC3A /* Release */,
			);
			defaultConfigurationIsVisible = 0;
			defaultConfigurationName = Release;
		};
		502C9B822BB0295100F8BC3A /* Build configuration list for PBXNativeTarget "study-iosUITests" */ = {
			isa = XCConfigurationList;
			buildConfigurations = (
				502C9B832BB0295100F8BC3A /* Debug */,
				502C9B842BB0295100F8BC3A /* Release */,
			);
			defaultConfigurationIsVisible = 0;
			defaultConfigurationName = Release;
		};
/* End XCConfigurationList section */
	};
	rootObject = 502C9B4A2BB0295000F8BC3A /* Project object */;
}
